
Microsoft Visual Studio Solution File, Format Version 12.00
# Visual Studio Version 17
VisualStudioVersion = 17.14.36623.8 d17.14
MinimumVisualStudioVersion = 10.0.40219.1
Project("{FAE04EC0-301F-11D3-BF4B-00C04F79EFBC}") = "amor2", "amor2\amor2.csproj", "{671E0EEF-9652-47C2-8563-25BBAF82C8F0}"
EndProject
Global
	GlobalSection(SolutionConfigurationPlatforms) = preSolution
		Debug|Any CPU = Debug|Any CPU
		Release|Any CPU = Release|Any CPU
	EndGlobalSection
	GlobalSection(ProjectConfigurationPlatforms) = postSolution
		{671E0EEF-9652-47C2-8563-25BBAF82C8F0}.Debug|Any CPU.ActiveCfg = Debug|Any CPU
		{671E0EEF-9652-47C2-8563-25BBAF82C8F0}.Debug|Any CPU.Build.0 = Debug|Any CPU
		{671E0EEF-9652-47C2-8563-25BBAF82C8F0}.Release|Any CPU.ActiveCfg = Release|Any CPU
		{671E0EEF-9652-47C2-8563-25BBAF82C8F0}.Release|Any CPU.Build.0 = Release|Any CPU
	EndGlobalSection
	GlobalSection(SolutionProperties) = preSolution
		HideSolutionNode = FALSE
	EndGlobalSection
	GlobalSection(ExtensibilityGlobals) = postSolution
		SolutionGuid = {944F8178-2FB7-43FF-937C-C73C0BE5E472}
	EndGlobalSection
EndGlobal
